
Microsoft Visual Studio Solution File, Format Version 12.00
# Visual Studio Version 17
VisualStudioVersion = 17.8.34525.116
MinimumVisualStudioVersion = 10.0.40219.1
Project("{9A19103F-16F7-4668-BE54-9A1E7A4F7556}") = "Server", "Server.csproj", "{7BF9630D-4245-4E16-BE95-505705872594}"
EndProject
Project("{FAE04EC0-301F-11D3-BF4B-00C04F79EFBC}") = "Client", "..\Consumer\Client.csproj", "{5F13CEBB-CBC3-4FC7-AE0C-E077B51336F9}"
EndProject
Global
	GlobalSection(SolutionConfigurationPlatforms) = preSolution
		Debug|Any CPU = Debug|Any CPU
		Release|Any CPU = Release|Any CPU
	EndGlobalSection
	GlobalSection(ProjectConfigurationPlatforms) = postSolution
		{7BF9630D-4245-4E16-BE95-505705872594}.Debug|Any CPU.ActiveCfg = Debug|Any CPU
		{7BF9630D-4245-4E16-BE95-505705872594}.Debug|Any CPU.Build.0 = Debug|Any CPU
		{7BF9630D-4245-4E16-BE95-505705872594}.Release|Any CPU.ActiveCfg = Release|Any CPU
		{7BF9630D-4245-4E16-BE95-505705872594}.Release|Any CPU.Build.0 = Release|Any CPU
		{5F13CEBB-CBC3-4FC7-AE0C-E077B51336F9}.Debug|Any CPU.ActiveCfg = Debug|Any CPU
		{5F13CEBB-CBC3-4FC7-AE0C-E077B51336F9}.Debug|Any CPU.Build.0 = Debug|Any CPU
		{5F13CEBB-CBC3-4FC7-AE0C-E077B51336F9}.Release|Any CPU.ActiveCfg = Release|Any CPU
		{5F13CEBB-CBC3-4FC7-AE0C-E077B51336F9}.Release|Any CPU.Build.0 = Release|Any CPU
	EndGlobalSection
	GlobalSection(SolutionProperties) = preSolution
		HideSolutionNode = FALSE
	EndGlobalSection
	GlobalSection(ExtensibilityGlobals) = postSolution
		SolutionGuid = {C0E23B9D-0697-432F-BB4C-2D0B90C53248}
	EndGlobalSection
EndGlobal
